// !$*UTF8*$!
{
	archiveVersion = 1;
	classes = {
	};
	objectVersion = 77;
	objects = {

/* Begin PBXBuildFile section */
		19AE0DC52E8EC3E5F46BB9E1 /* TableVM.swift in Sources */ = {isa = PBXBuildFile; fileRef = 144B034B152E10753AD40398 /* TableVM.swift */; };
		1AC1320EE335DC23643B939F /* ServerMessages.swift in Sources */ = {isa = PBXBuildFile; fileRef = D2064A82FE9BDB97ED400324 /* ServerMessages.swift */; };
		2C816C249EE31A86B4F6EB5D /* BiaofenApp.swift in Sources */ = {isa = PBXBuildFile; fileRef = 49D24407AFE96034955AF719 /* BiaofenApp.swift */; };
		3CC9A7A9DF5B4E4037F41F07 /* CardViews.swift in Sources */ = {isa = PBXBuildFile; fileRef = 740F0F70D24DD223E51E84C8 /* CardViews.swift */; };
		45E573997A54022E25C17BEF /* SocketClient.swift in Sources */ = {isa = PBXBuildFile; fileRef = 4ED9DC66A0DB68162FFFB762 /* SocketClient.swift */; };
		46A9DED3B1F1D3D8975A82C9 /* win.wav in Resources */ = {isa = PBXBuildFile; fileRef = 14C293E4BD97324E59DFE743 /* win.wav */; };
		5BDF0B2F4BE0047E3B1B4EC3 /* SoundPlayer.swift in Sources */ = {isa = PBXBuildFile; fileRef = 671A6615BEA46CB89E10EF6E /* SoundPlayer.swift */; };
		67605F95819E8E175E8E2DD2 /* OnlineViews.swift in Sources */ = {isa = PBXBuildFile; fileRef = 3B139A083FE02691A10E6205 /* OnlineViews.swift */; };
		7BFD24AD895F6CC076A2D839 /* OnlineViewModel.swift in Sources */ = {isa = PBXBuildFile; fileRef = 6FDBFC9B36B8D33A06268B51 /* OnlineViewModel.swift */; };
		884EE9DEBC28B011EF97A636 /* TableView.swift in Sources */ = {isa = PBXBuildFile; fileRef = E9ADFB0DEFCBF3BF72487877 /* TableView.swift */; };
		A30E0C165C359AC5283523B0 /* bid.wav in Resources */ = {isa = PBXBuildFile; fileRef = 01F84E699E0A6629FC614AE4 /* bid.wav */; };
		B530735A8EC925A3DBA984BA /* ContentView.swift in Sources */ = {isa = PBXBuildFile; fileRef = 409B4FB7D8E76D8979223583 /* ContentView.swift */; };
		B6716CE2FD500C1A2DFA5D3E /* play.wav in Resources */ = {isa = PBXBuildFile; fileRef = 0331742B80D51B04B7E73CD9 /* play.wav */; };
		D3ACC7FE5024AFFCCB686802 /* trick.wav in Resources */ = {isa = PBXBuildFile; fileRef = A643C1F43867FDFDAF2F9CAF /* trick.wav */; };
		D91E0B8FF31FDE59D30E4832 /* select.wav in Resources */ = {isa = PBXBuildFile; fileRef = 9DF16D0679AA771F6153D6FD /* select.wav */; };
		DC2735E9BB497C2DC9D16A1F /* lose.wav in Resources */ = {isa = PBXBuildFile; fileRef = 1AB828EE8699572A985FDB08 /* lose.wav */; };
		EA9325A5583DD4CA2CEBCE48 /* GameViewModel.swift in Sources */ = {isa = PBXBuildFile; fileRef = 01B04B02D7EA2E413731315D /* GameViewModel.swift */; };
		EB00C1AF1EA04E70264B10E9 /* trump.wav in Resources */ = {isa = PBXBuildFile; fileRef = 0CC77759089911FA0F9E94A0 /* trump.wav */; };
		F334864EA623599D2FFB67E7 /* BiaofenCore in Frameworks */ = {isa = PBXBuildFile; productRef = DC7C6BAA78480EB74C99F1CD /* BiaofenCore */; };
/* End PBXBuildFile section */

/* Begin PBXFileReference section */
		01B04B02D7EA2E413731315D /* GameViewModel.swift */ = {isa = PBXFileReference; lastKnownFileType = sourcecode.swift; path = GameViewModel.swift; sourceTree = "<group>"; };
		01F84E699E0A6629FC614AE4 /* bid.wav */ = {isa = PBXFileReference; lastKnownFileType = audio.wav; path = bid.wav; sourceTree = "<group>"; };
		0331742B80D51B04B7E73CD9 /* play.wav */ = {isa = PBXFileReference; lastKnownFileType = audio.wav; path = play.wav; sourceTree = "<group>"; };
		0CC77759089911FA0F9E94A0 /* trump.wav */ = {isa = PBXFileReference; lastKnownFileType = audio.wav; path = trump.wav; sourceTree = "<group>"; };
		144B034B152E10753AD40398 /* TableVM.swift */ = {isa = PBXFileReference; lastKnownFileType = sourcecode.swift; path = TableVM.swift; sourceTree = "<group>"; };
		14C293E4BD97324E59DFE743 /* win.wav */ = {isa = PBXFileReference; lastKnownFileType = audio.wav; path = win.wav; sourceTree = "<group>"; };
		1AB828EE8699572A985FDB08 /* lose.wav */ = {isa = PBXFileReference; lastKnownFileType = audio.wav; path = lose.wav; sourceTree = "<group>"; };
		3B139A083FE02691A10E6205 /* OnlineViews.swift */ = {isa = PBXFileReference; lastKnownFileType = sourcecode.swift; path = OnlineViews.swift; sourceTree = "<group>"; };
		3FC4442BF9DE42EA2681F5B6 /* Biaofen.app */ = {isa = PBXFileReference; includeInIndex = 0; lastKnownFileType = wrapper.application; path = Biaofen.app; sourceTree = BUILT_PRODUCTS_DIR; };
		409B4FB7D8E76D8979223583 /* ContentView.swift */ = {isa = PBXFileReference; lastKnownFileType = sourcecode.swift; path = ContentView.swift; sourceTree = "<group>"; };
		49D24407AFE96034955AF719 /* BiaofenApp.swift */ = {isa = PBXFileReference; lastKnownFileType = sourcecode.swift; path = BiaofenApp.swift; sourceTree = "<group>"; };
		4ED9DC66A0DB68162FFFB762 /* SocketClient.swift */ = {isa = PBXFileReference; lastKnownFileType = sourcecode.swift; path = SocketClient.swift; sourceTree = "<group>"; };
		671A6615BEA46CB89E10EF6E /* SoundPlayer.swift */ = {isa = PBXFileReference; lastKnownFileType = sourcecode.swift; path = SoundPlayer.swift; sourceTree = "<group>"; };
		6FDBFC9B36B8D33A06268B51 /* OnlineViewModel.swift */ = {isa = PBXFileReference; lastKnownFileType = sourcecode.swift; path = OnlineViewModel.swift; sourceTree = "<group>"; };
		740F0F70D24DD223E51E84C8 /* CardViews.swift */ = {isa = PBXFileReference; lastKnownFileType = sourcecode.swift; path = CardViews.swift; sourceTree = "<group>"; };
		7F37F80EDF1F841F9C2751C3 /* BiaofenCore */ = {isa = PBXFileReference; lastKnownFileType = folder; name = BiaofenCore; path = BiaofenCore; sourceTree = SOURCE_ROOT; };
		8F20EC45EEF3B96D391A1CC0 /* Info.plist */ = {isa = PBXFileReference; lastKnownFileType = text.plist; path = Info.plist; sourceTree = "<group>"; };
		9DF16D0679AA771F6153D6FD /* select.wav */ = {isa = PBXFileReference; lastKnownFileType = audio.wav; path = select.wav; sourceTree = "<group>"; };
		A643C1F43867FDFDAF2F9CAF /* trick.wav */ = {isa = PBXFileReference; lastKnownFileType = audio.wav; path = trick.wav; sourceTree = "<group>"; };
		D2064A82FE9BDB97ED400324 /* ServerMessages.swift */ = {isa = PBXFileReference; lastKnownFileType = sourcecode.swift; path = ServerMessages.swift; sourceTree = "<group>"; };
		E9ADFB0DEFCBF3BF72487877 /* TableView.swift */ = {isa = PBXFileReference; lastKnownFileType = sourcecode.swift; path = TableView.swift; sourceTree = "<group>"; };
/* End PBXFileReference section */

/* Begin PBXFrameworksBuildPhase section */
		C2370768B9AA66F65210C4B4 /* Frameworks */ = {
			isa = PBXFrameworksBuildPhase;
			buildActionMask = 2147483647;
			files = (
				F334864EA623599D2FFB67E7 /* BiaofenCore in Frameworks */,
			);
			runOnlyForDeploymentPostprocessing = 0;
		};
/* End PBXFrameworksBuildPhase section */

/* Begin PBXGroup section */
		0AD41F21F5A651C68AF971E0 /* Biaofen */ = {
			isa = PBXGroup;
			children = (
				49D24407AFE96034955AF719 /* BiaofenApp.swift */,
				01B04B02D7EA2E413731315D /* GameViewModel.swift */,
				8F20EC45EEF3B96D391A1CC0 /* Info.plist */,
				671A6615BEA46CB89E10EF6E /* SoundPlayer.swift */,
				144B034B152E10753AD40398 /* TableVM.swift */,
				C3F7053A2150DA529F6E51F1 /* Online */,
				8F4AFC948A3AED87486D6FA4 /* Sounds */,
				9F7316A2A92856126ED9192F /* Views */,
			);
			path = Biaofen;
			sourceTree = "<group>";
		};
		3E4EA0B58E10607FAADBDF8B = {
			isa = PBXGroup;
			children = (
				0AD41F21F5A651C68AF971E0 /* Biaofen */,
				4E067BF07D3A5D902C809AE2 /* Packages */,
				70DF6335821EE3D4E29D2272 /* Products */,
			);
			sourceTree = "<group>";
		};
		4E067BF07D3A5D902C809AE2 /* Packages */ = {
			isa = PBXGroup;
			children = (
				7F37F80EDF1F841F9C2751C3 /* BiaofenCore */,
			);
			name = Packages;
			sourceTree = "<group>";
		};
		70DF6335821EE3D4E29D2272 /* Products */ = {
			isa = PBXGroup;
			children = (
				3FC4442BF9DE42EA2681F5B6 /* Biaofen.app */,
			);
			name = Products;
			sourceTree = "<group>";
		};
		8F4AFC948A3AED87486D6FA4 /* Sounds */ = {
			isa = PBXGroup;
			children = (
				01F84E699E0A6629FC614AE4 /* bid.wav */,
				1AB828EE8699572A985FDB08 /* lose.wav */,
				0331742B80D51B04B7E73CD9 /* play.wav */,
				9DF16D0679AA771F6153D6FD /* select.wav */,
				A643C1F43867FDFDAF2F9CAF /* trick.wav */,
				0CC77759089911FA0F9E94A0 /* trump.wav */,
				14C293E4BD97324E59DFE743 /* win.wav */,
			);
			path = Sounds;
			sourceTree = "<group>";
		};
		9F7316A2A92856126ED9192F /* Views */ = {
			isa = PBXGroup;
			children = (
				740F0F70D24DD223E51E84C8 /* CardViews.swift */,
				409B4FB7D8E76D8979223583 /* ContentView.swift */,
				E9ADFB0DEFCBF3BF72487877 /* TableView.swift */,
			);
			path = Views;
			sourceTree = "<group>";
		};
		C3F7053A2150DA529F6E51F1 /* Online */ = {
			isa = PBXGroup;
			children = (
				6FDBFC9B36B8D33A06268B51 /* OnlineViewModel.swift */,
				3B139A083FE02691A10E6205 /* OnlineViews.swift */,
				D2064A82FE9BDB97ED400324 /* ServerMessages.swift */,
				4ED9DC66A0DB68162FFFB762 /* SocketClient.swift */,
			);
			path = Online;
			sourceTree = "<group>";
		};
/* End PBXGroup section */

/* Begin PBXNativeTarget section */
		4E1E11500E8E4074C3961557 /* Biaofen */ = {
			isa = PBXNativeTarget;
			buildConfigurationList = A71BD627FF4EB5D0B7A38D09 /* Build configuration list for PBXNativeTarget "Biaofen" */;
			buildPhases = (
				12917270C873F872F36667D3 /* Sources */,
				89A31DD825A64D5B9DF0D365 /* Resources */,
				C2370768B9AA66F65210C4B4 /* Frameworks */,
			);
			buildRules = (
			);
			dependencies = (
			);
			name = Biaofen;
			packageProductDependencies = (
				DC7C6BAA78480EB74C99F1CD /* BiaofenCore */,
			);
			productName = Biaofen;
			productReference = 3FC4442BF9DE42EA2681F5B6 /* Biaofen.app */;
			productType = "com.apple.product-type.application";
		};
/* End PBXNativeTarget section */

/* Begin PBXProject section */
		8E3D5D16336D0D4EE6275C04 /* Project object */ = {
			isa = PBXProject;
			attributes = {
				BuildIndependentTargetsInParallel = YES;
				LastUpgradeCheck = 1430;
				TargetAttributes = {
					4E1E11500E8E4074C3961557 = {
						DevelopmentTeam = BNNV62NJKQ;
						ProvisioningStyle = Automatic;
					};
				};
			};
			buildConfigurationList = B45C18BE9122CFA6F4F7AB84 /* Build configuration list for PBXProject "Biaofen" */;
			developmentRegion = en;
			hasScannedForEncodings = 0;
			knownRegions = (
				Base,
				en,
			);
			mainGroup = 3E4EA0B58E10607FAADBDF8B;
			minimizedProjectReferenceProxies = 1;
			packageReferences = (
				EABD3EFBDF1B19AAA3286DC9 /* XCLocalSwiftPackageReference "BiaofenCore" */,
			);
			preferredProjectObjectVersion = 77;
			productRefGroup = 70DF6335821EE3D4E29D2272 /* Products */;
			projectDirPath = "";
			projectRoot = "";
			targets = (
				4E1E11500E8E4074C3961557 /* Biaofen */,
			);
		};
/* End PBXProject section */

/* Begin PBXResourcesBuildPhase section */
		89A31DD825A64D5B9DF0D365 /* Resources */ = {
			isa = PBXResourcesBuildPhase;
			buildActionMask = 2147483647;
			files = (
				A30E0C165C359AC5283523B0 /* bid.wav in Resources */,
				DC2735E9BB497C2DC9D16A1F /* lose.wav in Resources */,
				B6716CE2FD500C1A2DFA5D3E /* play.wav in Resources */,
				D91E0B8FF31FDE59D30E4832 /* select.wav in Resources */,
				D3ACC7FE5024AFFCCB686802 /* trick.wav in Resources */,
				EB00C1AF1EA04E70264B10E9 /* trump.wav in Resources */,
				46A9DED3B1F1D3D8975A82C9 /* win.wav in Resources */,
			);
			runOnlyForDeploymentPostprocessing = 0;
		};
/* End PBXResourcesBuildPhase section */

/* Begin PBXSourcesBuildPhase section */
		12917270C873F872F36667D3 /* Sources */ = {
			isa = PBXSourcesBuildPhase;
			buildActionMask = 2147483647;
			files = (
				2C816C249EE31A86B4F6EB5D /* BiaofenApp.swift in Sources */,
				3CC9A7A9DF5B4E4037F41F07 /* CardViews.swift in Sources */,
				B530735A8EC925A3DBA984BA /* ContentView.swift in Sources */,
				EA9325A5583DD4CA2CEBCE48 /* GameViewModel.swift in Sources */,
				7BFD24AD895F6CC076A2D839 /* OnlineViewModel.swift in Sources */,
				67605F95819E8E175E8E2DD2 /* OnlineViews.swift in Sources */,
				1AC1320EE335DC23643B939F /* ServerMessages.swift in Sources */,
				45E573997A54022E25C17BEF /* SocketClient.swift in Sources */,
				5BDF0B2F4BE0047E3B1B4EC3 /* SoundPlayer.swift in Sources */,
				19AE0DC52E8EC3E5F46BB9E1 /* TableVM.swift in Sources */,
				884EE9DEBC28B011EF97A636 /* TableView.swift in Sources */,
			);
			runOnlyForDeploymentPostprocessing = 0;
		};
/* End PBXSourcesBuildPhase section */

/* Begin XCBuildConfiguration section */
		14E84CBA9C72DEA96467BDDA /* Release */ = {
			isa = XCBuildConfiguration;
			buildSettings = {
				ASSETCATALOG_COMPILER_APPICON_NAME = AppIcon;
				CODE_SIGN_IDENTITY = "iPhone Developer";
				CODE_SIGN_STYLE = Automatic;
				CURRENT_PROJECT_VERSION = 1;
				DEVELOPMENT_TEAM = BNNV62NJKQ;
				INFOPLIST_FILE = Biaofen/Info.plist;
				LD_RUNPATH_SEARCH_PATHS = (
					"$(inherited)",
					"@executable_path/Frameworks",
				);
				MARKETING_VERSION = 1.0;
				PRODUCT_BUNDLE_IDENTIFIER = com.biaofen.app;
				SDKROOT = iphoneos;
				SWIFT_VERSION = 5.0;
				TARGETED_DEVICE_FAMILY = "1,2";
			};
			name = Release;
		};
		6E8162A7E093D61B9D9560E5 /* Release */ = {
			isa = XCBuildConfiguration;
			buildSettings = {
				ALWAYS_SEARCH_USER_PATHS = NO;
				CLANG_ANALYZER_NONNULL = YES;
				CLANG_ANALYZER_NUMBER_OBJECT_CONVERSION = YES_AGGRESSIVE;
				CLANG_CXX_LANGUAGE_STANDARD = "gnu++14";
				CLANG_CXX_LIBRARY = "libc++";
				CLANG_ENABLE_MODULES = YES;
				CLANG_ENABLE_OBJC_ARC = YES;
				CLANG_ENABLE_OBJC_WEAK = YES;
				CLANG_WARN_BLOCK_CAPTURE_AUTORELEASING = YES;
				CLANG_WARN_BOOL_CONVERSION = YES;
				CLANG_WARN_COMMA = YES;
				CLANG_WARN_CONSTANT_CONVERSION = YES;
				CLANG_WARN_DEPRECATED_OBJC_IMPLEMENTATIONS = YES;
				CLANG_WARN_DIRECT_OBJC_ISA_USAGE = YES_ERROR;
				CLANG_WARN_DOCUMENTATION_COMMENTS = YES;
				CLANG_WARN_EMPTY_BODY = YES;
				CLANG_WARN_ENUM_CONVERSION = YES;
				CLANG_WARN_INFINITE_RECURSION = YES;
				CLANG_WARN_INT_CONVERSION = YES;
				CLANG_WARN_NON_LITERAL_NULL_CONVERSION = YES;
				CLANG_WARN_OBJC_IMPLICIT_RETAIN_SELF = YES;
				CLANG_WARN_OBJC_LITERAL_CONVERSION = YES;
				CLANG_WARN_OBJC_ROOT_CLASS = YES_ERROR;
				CLANG_WARN_QUOTED_INCLUDE_IN_FRAMEWORK_HEADER = YES;
				CLANG_WARN_RANGE_LOOP_ANALYSIS = YES;
				CLANG_WARN_STRICT_PROTOTYPES = YES;
				CLANG_WARN_SUSPICIOUS_MOVE = YES;
				CLANG_WARN_UNGUARDED_AVAILABILITY = YES_AGGRESSIVE;
				CLANG_WARN_UNREACHABLE_CODE = YES;
				CLANG_WARN__DUPLICATE_METHOD_MATCH = YES;
				COPY_PHASE_STRIP = NO;
				DEBUG_INFORMATION_FORMAT = "dwarf-with-dsym";
				ENABLE_NS_ASSERTIONS = NO;
				ENABLE_STRICT_OBJC_MSGSEND = YES;
				GCC_C_LANGUAGE_STANDARD = gnu11;
				GCC_NO_COMMON_BLOCKS = YES;
				GCC_WARN_64_TO_32_BIT_CONVERSION = YES;
				GCC_WARN_ABOUT_RETURN_TYPE = YES_ERROR;
				GCC_WARN_UNDECLARED_SELECTOR = YES;
				GCC_WARN_UNINITIALIZED_AUTOS = YES_AGGRESSIVE;
				GCC_WARN_UNUSED_FUNCTION = YES;
				GCC_WARN_UNUSED_VARIABLE = YES;
				IPHONEOS_DEPLOYMENT_TARGET = 17.0;
				MTL_ENABLE_DEBUG_INFO = NO;
				MTL_FAST_MATH = YES;
				PRODUCT_NAME = "$(TARGET_NAME)";
				SDKROOT = iphoneos;
				SWIFT_COMPILATION_MODE = wholemodule;
				SWIFT_OPTIMIZATION_LEVEL = "-O";
				SWIFT_VERSION = 5.0;
			};
			name = Release;
		};
		705CACFD59461635AB7F55FD /* Debug */ = {
			isa = XCBuildConfiguration;
			buildSettings = {
				ALWAYS_SEARCH_USER_PATHS = NO;
				CLANG_ANALYZER_NONNULL = YES;
				CLANG_ANALYZER_NUMBER_OBJECT_CONVERSION = YES_AGGRESSIVE;
				CLANG_CXX_LANGUAGE_STANDARD = "gnu++14";
				CLANG_CXX_LIBRARY = "libc++";
				CLANG_ENABLE_MODULES = YES;
				CLANG_ENABLE_OBJC_ARC = YES;
				CLANG_ENABLE_OBJC_WEAK = YES;
				CLANG_WARN_BLOCK_CAPTURE_AUTORELEASING = YES;
				CLANG_WARN_BOOL_CONVERSION = YES;
				CLANG_WARN_COMMA = YES;
				CLANG_WARN_CONSTANT_CONVERSION = YES;
				CLANG_WARN_DEPRECATED_OBJC_IMPLEMENTATIONS = YES;
				CLANG_WARN_DIRECT_OBJC_ISA_USAGE = YES_ERROR;
				CLANG_WARN_DOCUMENTATION_COMMENTS = YES;
				CLANG_WARN_EMPTY_BODY = YES;
				CLANG_WARN_ENUM_CONVERSION = YES;
				CLANG_WARN_INFINITE_RECURSION = YES;
				CLANG_WARN_INT_CONVERSION = YES;
				CLANG_WARN_NON_LITERAL_NULL_CONVERSION = YES;
				CLANG_WARN_OBJC_IMPLICIT_RETAIN_SELF = YES;
				CLANG_WARN_OBJC_LITERAL_CONVERSION = YES;
				CLANG_WARN_OBJC_ROOT_CLASS = YES_ERROR;
				CLANG_WARN_QUOTED_INCLUDE_IN_FRAMEWORK_HEADER = YES;
				CLANG_WARN_RANGE_LOOP_ANALYSIS = YES;
				CLANG_WARN_STRICT_PROTOTYPES = YES;
				CLANG_WARN_SUSPICIOUS_MOVE = YES;
				CLANG_WARN_UNGUARDED_AVAILABILITY = YES_AGGRESSIVE;
				CLANG_WARN_UNREACHABLE_CODE = YES;
				CLANG_WARN__DUPLICATE_METHOD_MATCH = YES;
				COPY_PHASE_STRIP = NO;
				DEBUG_INFORMATION_FORMAT = dwarf;
				ENABLE_STRICT_OBJC_MSGSEND = YES;
				ENABLE_TESTABILITY = YES;
				GCC_C_LANGUAGE_STANDARD = gnu11;
				GCC_DYNAMIC_NO_PIC = NO;
				GCC_NO_COMMON_BLOCKS = YES;
				GCC_OPTIMIZATION_LEVEL = 0;
				GCC_PREPROCESSOR_DEFINITIONS = (
					"$(inherited)",
					"DEBUG=1",
				);
				GCC_WARN_64_TO_32_BIT_CONVERSION = YES;
				GCC_WARN_ABOUT_RETURN_TYPE = YES_ERROR;
				GCC_WARN_UNDECLARED_SELECTOR = YES;
				GCC_WARN_UNINITIALIZED_AUTOS = YES_AGGRESSIVE;
				GCC_WARN_UNUSED_FUNCTION = YES;
				GCC_WARN_UNUSED_VARIABLE = YES;
				IPHONEOS_DEPLOYMENT_TARGET = 17.0;
				MTL_ENABLE_DEBUG_INFO = INCLUDE_SOURCE;
				MTL_FAST_MATH = YES;
				ONLY_ACTIVE_ARCH = YES;
				PRODUCT_NAME = "$(TARGET_NAME)";
				SDKROOT = iphoneos;
				SWIFT_ACTIVE_COMPILATION_CONDITIONS = DEBUG;
				SWIFT_OPTIMIZATION_LEVEL = "-Onone";
				SWIFT_VERSION = 5.0;
			};
			name = Debug;
		};
		F111106DE251F3768D8DD40C /* Debug */ = {
			isa = XCBuildConfiguration;
			buildSettings = {
				ASSETCATALOG_COMPILER_APPICON_NAME = AppIcon;
				CODE_SIGN_IDENTITY = "iPhone Developer";
				CODE_SIGN_STYLE = Automatic;
				CURRENT_PROJECT_VERSION = 1;
				DEVELOPMENT_TEAM = BNNV62NJKQ;
				INFOPLIST_FILE = Biaofen/Info.plist;
				LD_RUNPATH_SEARCH_PATHS = (
					"$(inherited)",
					"@executable_path/Frameworks",
				);
				MARKETING_VERSION = 1.0;
				PRODUCT_BUNDLE_IDENTIFIER = com.biaofen.app;
				SDKROOT = iphoneos;
				SWIFT_VERSION = 5.0;
				TARGETED_DEVICE_FAMILY = "1,2";
			};
			name = Debug;
		};
/* End XCBuildConfiguration section */

/* Begin XCConfigurationList section */
		A71BD627FF4EB5D0B7A38D09 /* Build configuration list for PBXNativeTarget "Biaofen" */ = {
			isa = XCConfigurationList;
			buildConfigurations = (
				F111106DE251F3768D8DD40C /* Debug */,
				14E84CBA9C72DEA96467BDDA /* Release */,
			);
			defaultConfigurationIsVisible = 0;
			defaultConfigurationName = Debug;
		};
		B45C18BE9122CFA6F4F7AB84 /* Build configuration list for PBXProject "Biaofen" */ = {
			isa = XCConfigurationList;
			buildConfigurations = (
				705CACFD59461635AB7F55FD /* Debug */,
				6E8162A7E093D61B9D9560E5 /* Release */,
			);
			defaultConfigurationIsVisible = 0;
			defaultConfigurationName = Debug;
		};
/* End XCConfigurationList section */

/* Begin XCLocalSwiftPackageReference section */
		EABD3EFBDF1B19AAA3286DC9 /* XCLocalSwiftPackageReference "BiaofenCore" */ = {
			isa = XCLocalSwiftPackageReference;
			relativePath = BiaofenCore;
		};
/* End XCLocalSwiftPackageReference section */

/* Begin XCSwiftPackageProductDependency section */
		DC7C6BAA78480EB74C99F1CD /* BiaofenCore */ = {
			isa = XCSwiftPackageProductDependency;
			productName = BiaofenCore;
		};
/* End XCSwiftPackageProductDependency section */
	};
	rootObject = 8E3D5D16336D0D4EE6275C04 /* Project object */;
}
